
Microsoft Visual Studio Solution File, Format Version 12.00
# Visual Studio 15
Project("{FAE04EC0-301F-11D3-BF4B-00C04F79EFBC}") = "NativeCamera.Runtime", "NativeCamera.Runtime.csproj", "{84D15BFE-C77B-25B0-334A-0CEF67DD23E4}"
EndProject
Project("{FAE04EC0-301F-11D3-BF4B-00C04F79EFBC}") = "Assembly-CSharp", "Assembly-CSharp.csproj", "{1E7F1E98-3021-99DE-5391-FC4A0F9FF882}"
EndProject
Project("{FAE04EC0-301F-11D3-BF4B-00C04F79EFBC}") = "NativeCamera.Editor", "NativeCamera.Editor.csproj", "{F8C1EA94-A7A1-A902-EC6F-E755786D859D}"
EndProject
Global
	GlobalSection(SolutionConfigurationPlatforms) = preSolution
		Debug|Any CPU = Debug|Any CPU
		Release|Any CPU = Release|Any CPU
	EndGlobalSection
	GlobalSection(ProjectConfigurationPlatforms) = postSolution
		{84D15BFE-C77B-25B0-334A-0CEF67DD23E4}.Debug|Any CPU.ActiveCfg = Debug|Any CPU
		{84D15BFE-C77B-25B0-334A-0CEF67DD23E4}.Debug|Any CPU.Build.0 = Debug|Any CPU
		{84D15BFE-C77B-25B0-334A-0CEF67DD23E4}.Release|Any CPU.ActiveCfg = Release|Any CPU
		{84D15BFE-C77B-25B0-334A-0CEF67DD23E4}.Release|Any CPU.Build.0 = Release|Any CPU
		{1E7F1E98-3021-99DE-5391-FC4A0F9FF882}.Debug|Any CPU.ActiveCfg = Debug|Any CPU
		{1E7F1E98-3021-99DE-5391-FC4A0F9FF882}.Debug|Any CPU.Build.0 = Debug|Any CPU
		{1E7F1E98-3021-99DE-5391-FC4A0F9FF882}.Release|Any CPU.ActiveCfg = Release|Any CPU
		{1E7F1E98-3021-99DE-5391-FC4A0F9FF882}.Release|Any CPU.Build.0 = Release|Any CPU
		{F8C1EA94-A7A1-A902-EC6F-E755786D859D}.Debug|Any CPU.ActiveCfg = Debug|Any CPU
		{F8C1EA94-A7A1-A902-EC6F-E755786D859D}.Debug|Any CPU.Build.0 = Debug|Any CPU
		{F8C1EA94-A7A1-A902-EC6F-E755786D859D}.Release|Any CPU.ActiveCfg = Release|Any CPU
		{F8C1EA94-A7A1-A902-EC6F-E755786D859D}.Release|Any CPU.Build.0 = Release|Any CPU
	EndGlobalSection
	GlobalSection(SolutionProperties) = preSolution
		HideSolutionNode = FALSE
	EndGlobalSection
EndGlobal
